{"SurveyEntry":{"SurveyID":"SV_5hcpolj28CktQeF","SurveyName":"TipSheetSurvey","SurveyDescription":null,"SurveyOwnerID":"UR_cDfnu2sZh1FuKcl","SurveyBrandID":"seasgwu","DivisionID":null,"SurveyLanguage":"EN","SurveyActiveResponseSet":"RS_4MifglEZlEfvSmh","SurveyStatus":"Active","SurveyStartDate":"0000-00-00 00:00:00","SurveyExpirationDate":"0000-00-00 00:00:00","SurveyCreationDate":"2020-12-06 23:38:13","CreatorID":"UR_cDfnu2sZh1FuKcl","LastModified":"2020-12-29 02:58:18","LastAccessed":"0000-00-00 00:00:00","LastActivated":"2020-12-07 00:07:13","Deleted":null},"SurveyElements":[{"SurveyID":"SV_5hcpolj28CktQeF","Element":"BL","PrimaryAttribute":"Survey Blocks","SecondaryAttribute":null,"TertiaryAttribute":null,"Payload":{"0":{"Type":"Default","Description":"SeBIS_Questionnaire","ID":"BL_5dP1CPODMcmjYKp","BlockElements":[{"Type":"Question","QuestionID":"QID1"},{"Type":"Question","QuestionID":"QID2"},{"Type":"Question","QuestionID":"QID3"},{"Type":"Question","QuestionID":"QID4"},{"Type":"Question","QuestionID":"QID5"},{"Type":"Question","QuestionID":"QID6"},{"Type":"Question","QuestionID":"QID7"},{"Type":"Question","QuestionID":"QID8"},{"Type":"Question","QuestionID":"QID9"},{"Type":"Question","QuestionID":"QID10"},{"Type":"Question","QuestionID":"QID11"},{"Type":"Question","QuestionID":"QID12"},{"Type":"Question","QuestionID":"QID13"},{"Type":"Question","QuestionID":"QID14"},{"Type":"Question","QuestionID":"QID15"},{"Type":"Question","QuestionID":"QID16"},{"Type":"Question","QuestionID":"QID17"},{"Type":"Question","QuestionID":"QID18"},{"Type":"Question","QuestionID":"QID19"},{"Type":"Question","QuestionID":"QID20"},{"Type":"Question","QuestionID":"QID21"},{"Type":"Question","QuestionID":"QID22"},{"Type":"Question","QuestionID":"QID23"},{"Type":"Question","QuestionID":"QID24"}]},"1":{"Type":"Trash","Description":"Trash \/ Unused Questions","ID":"BL_5AopSBAGSVFfywR","BlockElements":[{"Type":"Question","QuestionID":"QID27"},{"Type":"Question","QuestionID":"QID28"},{"Type":"Question","QuestionID":"QID26"},{"Type":"Question","QuestionID":"QID25"},{"Type":"Question","QuestionID":"QID47"}]},"2":{"Type":"Standard","SubType":"","Description":"Read_Tip_Sheet","ID":"BL_1Gs1RzQ7jxigx6Z","BlockElements":[{"Type":"Question","QuestionID":"QID33"}]},"3":{"Type":"Standard","SubType":"","Description":"Time_Effort_Money","ID":"BL_0O25F0B9z2ZWCTb","BlockElements":[{"Type":"Question","QuestionID":"QID36"},{"Type":"Question","QuestionID":"QID37"},{"Type":"Question","QuestionID":"QID38"},{"Type":"Question","QuestionID":"QID39"},{"Type":"Question","QuestionID":"QID40"},{"Type":"Question","QuestionID":"QID41"},{"Type":"Question","QuestionID":"QID42"},{"Type":"Question","QuestionID":"QID43"},{"Type":"Question","QuestionID":"QID44"},{"Type":"Question","QuestionID":"QID45"}],"Options":{"BlockLocking":"false","RandomizeQuestions":"false","BlockVisibility":"Expanded"}},"4":{"Type":"Standard","SubType":"","Description":"Outbrief_for_survey_complete","ID":"BL_6xqPw8hUHS7e3kh","BlockElements":[{"Type":"Question","QuestionID":"QID46"}],"Options":{"BlockLocking":"false","RandomizeQuestions":"false","BlockVisibility":"Expanded"}},"6":{"Type":"Standard","SubType":"","Description":"Informed_Consent","ID":"BL_cAz9J5z8cUenajb","BlockElements":[{"Type":"Question","QuestionID":"QID29"},{"Type":"Question","QuestionID":"QID30"},{"Type":"Question","QuestionID":"QID31"},{"Type":"Question","QuestionID":"QID32"}]},"7":{"Type":"Standard","SubType":"","Description":"Consented","ID":"BL_dojXSe4tOHyMMZL","BlockElements":[{"Type":"Question","QuestionID":"QID34"}]},"8":{"Type":"Standard","SubType":"","Description":"Did_not_consent","ID":"BL_6MCv17ESPlrGhWB","BlockElements":[{"Type":"Question","QuestionID":"QID35"}],"Options":{"BlockLocking":"false","RandomizeQuestions":"false","BlockVisibility":"Expanded"}}}},{"SurveyID":"SV_5hcpolj28CktQeF","Element":"FL","PrimaryAttribute":"Survey Flow","SecondaryAttribute":null,"TertiaryAttribute":null,"Payload":{"Type":"Root","FlowID":"FL_1","Flow":[{"Type":"Standard","ID":"BL_cAz9J5z8cUenajb","FlowID":"FL_7","Autofill":[]},{"Type":"Branch","FlowID":"FL_17","Description":"New Branch","BranchLogic":{"0":{"0":{"LogicType":"Question","QuestionID":"QID30","QuestionIsInLoop":"no","ChoiceLocator":"q:\/\/QID30\/SelectableChoice\/2","Operator":"Selected","QuestionIDFromLocator":"QID30","LeftOperand":"q:\/\/QID30\/SelectableChoice\/2","Type":"Expression","Description":"<span class=\"ConjDesc\">If<\/span> <span class=\"QuestionDesc\">I am 18 years of age or older.<\/span> <span class=\"LeftOpDesc\">False<\/span> <span class=\"OpDesc\">Is Selected<\/span> "},"1":{"LogicType":"Question","QuestionID":"QID31","QuestionIsInLoop":"no","ChoiceLocator":"q:\/\/QID31\/SelectableChoice\/2","Operator":"Selected","QuestionIDFromLocator":"QID31","LeftOperand":"q:\/\/QID31\/SelectableChoice\/2","Type":"Expression","Description":"<span class=\"ConjDesc\">Or<\/span> <span class=\"QuestionDesc\">I have read and understand the informed consent.<\/span> <span class=\"LeftOpDesc\">False<\/span> <span class=\"OpDesc\">Is Selected<\/span> ","Conjuction":"Or"},"2":{"LogicType":"Question","QuestionID":"QID32","QuestionIsInLoop":"no","ChoiceLocator":"q:\/\/QID32\/SelectableChoice\/2","Operator":"Selected","QuestionIDFromLocator":"QID32","LeftOperand":"q:\/\/QID32\/SelectableChoice\/2","Type":"Expression","Description":"<span class=\"ConjDesc\">Or<\/span> <span class=\"QuestionDesc\">I consent to participate in the research.<\/span> <span class=\"LeftOpDesc\">False<\/span> <span class=\"OpDesc\">Is Selected<\/span> ","Conjuction":"Or"},"Type":"If"},"Type":"BooleanExpression"},"Flow":[{"Type":"Block","ID":"BL_6MCv17ESPlrGhWB","FlowID":"FL_18","Autofill":[]},{"Type":"EndSurvey","FlowID":"FL_20"}]},{"Type":"Branch","FlowID":"FL_11","Description":"New Branch","BranchLogic":{"0":{"0":{"LogicType":"Question","QuestionID":"QID30","QuestionIsInLoop":"no","ChoiceLocator":"q:\/\/QID30\/SelectableChoice\/1","Operator":"Selected","QuestionIDFromLocator":"QID30","LeftOperand":"q:\/\/QID30\/SelectableChoice\/1","Type":"Expression","Description":"<span class=\"ConjDesc\">If<\/span> <span class=\"QuestionDesc\">I am 18 years of age or older.<\/span> <span class=\"LeftOpDesc\">True<\/span> <span class=\"OpDesc\">Is Selected<\/span> "},"1":{"LogicType":"Question","QuestionID":"QID31","QuestionIsInLoop":"no","ChoiceLocator":"q:\/\/QID31\/SelectableChoice\/1","Operator":"Selected","QuestionIDFromLocator":"QID31","LeftOperand":"q:\/\/QID31\/SelectableChoice\/1","Type":"Expression","Description":"<span class=\"ConjDesc\">And<\/span> <span class=\"QuestionDesc\">I have read and understand the informed consent.<\/span> <span class=\"LeftOpDesc\">True<\/span> <span class=\"OpDesc\">Is Selected<\/span> ","Conjuction":"And"},"2":{"LogicType":"Question","QuestionID":"QID32","QuestionIsInLoop":"no","ChoiceLocator":"q:\/\/QID32\/SelectableChoice\/1","Operator":"Selected","QuestionIDFromLocator":"QID32","LeftOperand":"q:\/\/QID32\/SelectableChoice\/1","Type":"Expression","Description":"<span class=\"ConjDesc\">And<\/span> <span class=\"QuestionDesc\">I consent to participate in the research.<\/span> <span class=\"LeftOpDesc\">True<\/span> <span class=\"OpDesc\">Is Selected<\/span> ","Conjuction":"And"},"Type":"If"},"Type":"BooleanExpression"},"Flow":[{"Type":"Block","ID":"BL_dojXSe4tOHyMMZL","FlowID":"FL_12","Autofill":[]},{"Type":"Block","ID":"BL_5dP1CPODMcmjYKp","FlowID":"FL_13","Autofill":[]},{"Type":"Block","ID":"BL_1Gs1RzQ7jxigx6Z","FlowID":"FL_14","Autofill":[]},{"Type":"Block","ID":"BL_0O25F0B9z2ZWCTb","FlowID":"FL_15","Autofill":[]},{"Type":"Block","ID":"BL_6xqPw8hUHS7e3kh","FlowID":"FL_16","Autofill":[]},{"Type":"EndSurvey","FlowID":"FL_19"}]},{"Type":"Standard","ID":"BL_dojXSe4tOHyMMZL","FlowID":"FL_9","Autofill":[]},{"Type":"Standard","ID":"BL_6MCv17ESPlrGhWB","FlowID":"FL_10","Autofill":[]},{"Type":"Block","ID":"BL_5dP1CPODMcmjYKp","FlowID":"FL_2","Autofill":[]},{"Type":"Standard","ID":"BL_1Gs1RzQ7jxigx6Z","FlowID":"FL_3","Autofill":[]},{"Type":"Standard","ID":"BL_0O25F0B9z2ZWCTb","FlowID":"FL_4","Autofill":[]},{"Type":"Standard","ID":"BL_6xqPw8hUHS7e3kh","FlowID":"FL_5","Autofill":[]}],"Properties":{"Count":20,"RemovedFieldsets":[]}}},{"SurveyID":"SV_5hcpolj28CktQeF","Element":"SO","PrimaryAttribute":"Survey Options","SecondaryAttribute":null,"TertiaryAttribute":null,"Payload":{"BackButton":"false","SaveAndContinue":"true","SurveyProtection":"PublicSurvey","BallotBoxStuffingPrevention":"true","NoIndex":"Yes","SecureResponseFiles":"true","SurveyExpiration":null,"SurveyTermination":"DefaultMessage","Header":"","Footer":"","ProgressBarDisplay":"None","PartialData":"+1 week","ValidationMessage":null,"PreviousButton":" \u2190 ","NextButton":" \u2192 ","SurveyTitle":"Online Survey Software | Qualtrics Survey Solutions","SkinLibrary":"seasgwu","SkinType":"templated","Skin":{"brandingId":"7245032989","templateId":"*base","overrides":null},"NewScoring":1,"CustomStyles":[],"EOSMessage":"","ShowExportTags":"false","CollectGeoLocation":"false","SurveyMetaDescription":"The most powerful, simple and trusted way to gather experience data. Start your journey to experience management and try a free account today.","PasswordProtection":"No","AnonymizeResponse":"No","Password":"","RefererCheck":"No","RefererURL":"http:\/\/","UseCustomSurveyLinkCompletedMessage":null,"SurveyLinkCompletedMessage":"","SurveyLinkCompletedMessageLibrary":"","ResponseSummary":"No","EOSMessageLibrary":"","EOSRedirectURL":"https:\/\/","EmailThankYou":"false","ThankYouEmailMessageLibrary":null,"ThankYouEmailMessage":null,"ValidateMessage":"false","ValidationMessageLibrary":null,"InactiveSurvey":"DefaultMessage","PartialDeletion":null,"PartialDataCloseAfter":"LastActivity","ActiveResponseSet":null,"InactiveMessageLibrary":"","InactiveMessage":"","AvailableLanguages":{"EN":[]},"ProtectSelectionIds":true}},{"SurveyID":"SV_5hcpolj28CktQeF","Element":"SCO","PrimaryAttribute":"Scoring","SecondaryAttribute":null,"TertiaryAttribute":null,"Payload":{"ScoringCategories":[],"ScoringCategoryGroups":[],"ScoringSummaryCategory":null,"ScoringSummaryAfterQuestions":0,"ScoringSummaryAfterSurvey":0,"DefaultScoringCategory":null,"AutoScoringCategory":null}},{"SurveyID":"SV_5hcpolj28CktQeF","Element":"PROJ","PrimaryAttribute":"CORE","SecondaryAttribute":null,"TertiaryAttribute":"1.1.0","Payload":{"ProjectCategory":"CORE","SchemaVersion":"1.1.0"}},{"SurveyID":"SV_5hcpolj28CktQeF","Element":"STAT","PrimaryAttribute":"Survey Statistics","SecondaryAttribute":null,"TertiaryAttribute":null,"Payload":{"MobileCompatible":false,"ID":"Survey Statistics"}},{"SurveyID":"SV_5hcpolj28CktQeF","Element":"QC","PrimaryAttribute":"Survey Question Count","SecondaryAttribute":"47","TertiaryAttribute":null,"Payload":null},{"SurveyID":"SV_5hcpolj28CktQeF","Element":"SQ","PrimaryAttribute":"QID39","SecondaryAttribute":"A password manager is an app protected by one main password. It makes password use more secure an...","TertiaryAttribute":null,"Payload":{"QuestionText":"<div>A password manager is an app protected by one main password. It makes password use more secure and convenient. It can:<\/div><div>* store your passwords<\/div><div>* generate strong passwords<\/div><div><br><\/div><div>Would you be willing to use a password manager?&nbsp;<\/div>","DataExportTag":"Q39","QuestionType":"MC","Selector":"SAVR","SubSelector":"TX","Configuration":{"QuestionDescriptionOption":"UseText","Autoscale":{"YScale":{"Name":"yesNo","Type":"likert","Reverse":false}}},"QuestionDescription":"A password manager is an app protected by one main password. It makes password use more secure an...","Choices":{"1":{"Display":"Yes"},"2":{"Display":"Maybe"},"3":{"Display":"No"}},"ChoiceOrder":["1","2","3"],"Validation":{"Settings":{"ForceResponse":"ON","ForceResponseType":"ON","Type":"None"}},"Language":[],"NextChoiceId":4,"NextAnswerId":1,"QuestionID":"QID39","DataVisibility":{"Private":false,"Hidden":false}}},{"SurveyID":"SV_5hcpolj28CktQeF","Element":"SQ","PrimaryAttribute":"QID28","SecondaryAttribute":"Click to write the question text","TertiaryAttribute":null,"Payload":{"QuestionText":"Click to write the question text","DataExportTag":"Q28","QuestionType":"MC","Selector":"SAVR","SubSelector":"TX","Configuration":{"QuestionDescriptionOption":"UseText"},"QuestionDescription":"Click to write the question text","Choices":{"1":{"Display":"Click to write Choice 1"},"2":{"Display":"Click to write Choice 2"},"3":{"Display":"Click to write Choice 3"}},"ChoiceOrder":["1","2","3"],"Validation":{"Settings":{"ForceResponse":"OFF","ForceResponseType":"ON","Type":"None"}},"Language":[],"NextChoiceId":4,"NextAnswerId":1,"QuestionID":"QID28"}},{"SurveyID":"SV_5hcpolj28CktQeF","Element":"RS","PrimaryAttribute":"RS_4MifglEZlEfvSmh","SecondaryAttribute":"Default Response Set","TertiaryAttribute":null,"Payload":null},{"SurveyID":"SV_5hcpolj28CktQeF","Element":"SQ","PrimaryAttribute":"QID38","SecondaryAttribute":"How much time would you be willing to spend setting up MFA for an online account, from 0 to 100 m...","TertiaryAttribute":null,"Payload":{"QuestionText":"How much time would you be willing to spend setting up MFA for an online account, from 0 to 100 minutes?","DefaultChoices":false,"DataExportTag":"Q38","QuestionType":"Slider","Selector":"HSLIDER","Configuration":{"QuestionDescriptionOption":"UseText","CSSliderMin":0,"CSSliderMax":100,"GridLines":10,"SnapToGrid":false,"NumDecimals":"0","ShowValue":true,"CustomStart":true,"NotApplicable":false,"MobileFirst":true,"SliderStartPositions":{"4":0}},"QuestionDescription":"How much time would you be willing to spend setting up MFA for an online account, from 0 to 100 m...","Choices":{"4":{"Display":"."}},"ChoiceOrder":["4"],"Validation":{"Settings":{"ForceResponse":"OFF","ForceResponseType":"ON","Type":"None"}},"GradingData":[],"Language":[],"NextChoiceId":5,"NextAnswerId":1,"Labels":[],"QuestionID":"QID38","DataVisibility":{"Private":false,"Hidden":false},"DisplayLogic":{"0":{"0":{"LogicType":"Question","QuestionID":"QID36","QuestionIsInLoop":"no","ChoiceLocator":"q:\/\/QID36\/SelectableChoice\/13","Operator":"NotSelected","QuestionIDFromLocator":"QID36","LeftOperand":"q:\/\/QID36\/SelectableChoice\/13","Type":"Expression","Description":"<span class=\"ConjDesc\">If<\/span> <span class=\"QuestionDesc\">Please read the following text carefully.&amp;nbsp;\n\nMulti-Factor Authentication (MFA) involves using something you have or something you are (in addition to your username and password) to verify your ...<\/span> <span class=\"LeftOpDesc\">No<\/span> <span class=\"OpDesc\">Is Not Selected<\/span> "},"Type":"If"},"Type":"BooleanExpression","inPage":false}}},{"SurveyID":"SV_5hcpolj28CktQeF","Element":"SQ","PrimaryAttribute":"QID40","SecondaryAttribute":"How much would you be willing to pay for a password manager in US dollars, from 0 dollars to 100...","TertiaryAttribute":null,"Payload":{"QuestionText":"How much would you be willing to pay for a password manager in US dollars, from 0 dollars to 100 dollars?","DefaultChoices":false,"DataExportTag":"Q40","QuestionID":"QID40","QuestionType":"Slider","Selector":"HSLIDER","Configuration":{"QuestionDescriptionOption":"UseText","CSSliderMin":0,"CSSliderMax":100,"GridLines":10,"SnapToGrid":false,"NumDecimals":"0","ShowValue":true,"CustomStart":false,"NotApplicable":false,"MobileFirst":true},"QuestionDescription":"How much would you be willing to pay for a password manager in US dollars, from 0 dollars to 100...","Choices":{"1":{"Display":"."}},"ChoiceOrder":["1"],"Validation":{"Settings":{"ForceResponse":"OFF","ForceResponseType":"ON","Type":"None"}},"GradingData":[],"Language":[],"NextChoiceId":4,"NextAnswerId":8,"Labels":[],"DataVisibility":{"Private":false,"Hidden":false},"DisplayLogic":{"0":{"0":{"LogicType":"Question","QuestionID":"QID39","QuestionIsInLoop":"no","ChoiceLocator":"q:\/\/QID39\/SelectableChoice\/3","Operator":"NotSelected","QuestionIDFromLocator":"QID39","LeftOperand":"q:\/\/QID39\/SelectableChoice\/3","Type":"Expression","Description":"<span class=\"ConjDesc\">If<\/span> <span class=\"QuestionDesc\">A password manager is an app protected by one main password. It makes password use more secure an...<\/span> <span class=\"LeftOpDesc\">No<\/span> <span class=\"OpDesc\">Is Not Selected<\/span> "},"Type":"If"},"Type":"BooleanExpression","inPage":false}}},{"SurveyID":"SV_5hcpolj28CktQeF","Element":"SQ","PrimaryAttribute":"QID45","SecondaryAttribute":"How seriously did you take this study?","TertiaryAttribute":null,"Payload":{"QuestionText":"How seriously did you take this study?","DataExportTag":"Q45","QuestionType":"MC","Selector":"SAVR","SubSelector":"TX","Configuration":{"QuestionDescriptionOption":"UseText"},"QuestionDescription":"How seriously did you take this study?","Choices":{"1":{"Display":"Not seriously"},"2":{"Display":"Somewhat seriously"},"3":{"Display":"Very seriously"}},"ChoiceOrder":["1","2","3"],"Validation":{"Settings":{"ForceResponse":"ON","ForceResponseType":"ON","Type":"None"}},"Language":[],"NextChoiceId":6,"NextAnswerId":1,"QuestionID":"QID45","DataVisibility":{"Private":false,"Hidden":false}}},{"SurveyID":"SV_5hcpolj28CktQeF","Element":"SQ","PrimaryAttribute":"QID30","SecondaryAttribute":"I am 18 years of age or older.","TertiaryAttribute":null,"Payload":{"QuestionText":"I am 18 years of age or older.","DataExportTag":"Q801","QuestionType":"MC","Selector":"SAVR","SubSelector":"TX","Configuration":{"QuestionDescriptionOption":"UseText"},"QuestionDescription":"I am 18 years of age or older.","Choices":{"1":{"Display":"True"},"2":{"Display":"False"}},"ChoiceOrder":[1,2],"Validation":{"Settings":{"ForceResponse":"ON","ForceResponseType":"ON","Type":"None"}},"Language":[],"NextChoiceId":3,"NextAnswerId":1,"QuestionID":"QID30","DataVisibility":{"Private":false,"Hidden":false}}},{"SurveyID":"SV_5hcpolj28CktQeF","Element":"SQ","PrimaryAttribute":"QID14","SecondaryAttribute":"I backup my computer.","TertiaryAttribute":null,"Payload":{"QuestionText":"I backup my computer.","DataExportTag":"Q14","QuestionType":"MC","Selector":"SAVR","SubSelector":"TX","DataVisibility":{"Private":false,"Hidden":false},"Configuration":{"QuestionDescriptionOption":"UseText","Autoscale":{"YScale":{"Name":"trueFalse","Type":"likert","Reverse":false}}},"QuestionDescription":"I backup my computer.","Choices":{"1":{"Display":"True"},"2":{"Display":"False"}},"ChoiceOrder":[1,2],"Validation":{"Settings":{"ForceResponse":"ON","ForceResponseType":"ON","Type":"None"}},"Language":[],"NextChoiceId":3,"NextAnswerId":1,"QuestionID":"QID14"}},{"SurveyID":"SV_5hcpolj28CktQeF","Element":"SQ","PrimaryAttribute":"QID24","SecondaryAttribute":"I clear my web browsing history.","TertiaryAttribute":null,"Payload":{"QuestionText":"I clear my web browsing history.","DataExportTag":"Q24","QuestionType":"MC","Selector":"SAVR","SubSelector":"TX","DataVisibility":{"Private":false,"Hidden":false},"Configuration":{"QuestionDescriptionOption":"UseText","Autoscale":{"YScale":{"Name":"trueFalse","Type":"likert","Reverse":false}}},"QuestionDescription":"I clear my web browsing history.","Choices":{"1":{"Display":"True"},"2":{"Display":"False"}},"ChoiceOrder":[1,2],"Validation":{"Settings":{"ForceResponse":"ON","ForceResponseType":"ON","Type":"None"}},"Language":[],"NextChoiceId":3,"NextAnswerId":1,"QuestionID":"QID24"}},{"SurveyID":"SV_5hcpolj28CktQeF","Element":"SQ","PrimaryAttribute":"QID32","SecondaryAttribute":"I consent to participate in the research.","TertiaryAttribute":null,"Payload":{"QuestionText":"I consent to participate in the research.","DataExportTag":"Q803","QuestionType":"MC","Selector":"SAVR","SubSelector":"TX","DataVisibility":{"Private":false,"Hidden":false},"Configuration":{"QuestionDescriptionOption":"UseText"},"QuestionDescription":"I consent to participate in the research.","Choices":{"1":{"Display":"True"},"2":{"Display":"False"}},"ChoiceOrder":[1,2],"Validation":{"Settings":{"ForceResponse":"ON","ForceResponseType":"ON","Type":"None"}},"Language":[],"NextChoiceId":3,"NextAnswerId":1,"QuestionID":"QID32"}},{"SurveyID":"SV_5hcpolj28CktQeF","Element":"SQ","PrimaryAttribute":"QID17","SecondaryAttribute":"I do not change my passwords, unless I have to.","TertiaryAttribute":null,"Payload":{"QuestionText":"I do not change my passwords, unless I have to.","DataExportTag":"Q17","QuestionType":"MC","Selector":"SAVR","SubSelector":"TX","DataVisibility":{"Private":false,"Hidden":false},"Configuration":{"QuestionDescriptionOption":"UseText","Autoscale":{"YScale":{"Name":"trueFalse","Type":"likert","Reverse":false}}},"QuestionDescription":"I do not change my passwords, unless I have to.","Choices":{"1":{"Display":"True"},"2":{"Display":"False"}},"ChoiceOrder":[1,2],"Validation":{"Settings":{"ForceResponse":"ON","ForceResponseType":"ON","Type":"None"}},"Language":[],"NextChoiceId":3,"NextAnswerId":1,"QuestionID":"QID17"}},{"SurveyID":"SV_5hcpolj28CktQeF","Element":"SQ","PrimaryAttribute":"QID19","SecondaryAttribute":"I do not include special characters in my password if it's not required.","TertiaryAttribute":null,"Payload":{"QuestionText":"I do not include special characters in my password if it's not required.","DataExportTag":"Q19","QuestionType":"MC","Selector":"SAVR","SubSelector":"TX","DataVisibility":{"Private":false,"Hidden":false},"Configuration":{"QuestionDescriptionOption":"UseText","Autoscale":{"YScale":{"Name":"trueFalse","Type":"likert","Reverse":false}}},"QuestionDescription":"I do not include special characters in my password if it's not required.","Choices":{"1":{"Display":"True"},"2":{"Display":"False"}},"ChoiceOrder":[1,2],"Validation":{"Settings":{"ForceResponse":"ON","ForceResponseType":"ON","Type":"None"}},"Language":[],"NextChoiceId":3,"NextAnswerId":1,"QuestionID":"QID19"}},{"SurveyID":"SV_5hcpolj28CktQeF","Element":"SQ","PrimaryAttribute":"QID31","SecondaryAttribute":"I have read and understand the informed consent.","TertiaryAttribute":null,"Payload":{"QuestionText":"I have read and understand the informed consent.","DataExportTag":"Q802","QuestionType":"MC","Selector":"SAVR","SubSelector":"TX","DataVisibility":{"Private":false,"Hidden":false},"Configuration":{"QuestionDescriptionOption":"UseText"},"QuestionDescription":"I have read and understand the informed consent.","Choices":{"1":{"Display":"True"},"2":{"Display":"False"}},"ChoiceOrder":[1,2],"Validation":{"Settings":{"ForceResponse":"ON","ForceResponseType":"ON","Type":"None"}},"Language":[],"NextChoiceId":3,"NextAnswerId":1,"QuestionID":"QID31"}},{"SurveyID":"SV_5hcpolj28CktQeF","Element":"SQ","PrimaryAttribute":"QID13","SecondaryAttribute":"I know what website I'm visiting based on its look and feel, rather than by looking at the URL bar.","TertiaryAttribute":null,"Payload":{"QuestionText":"I know what website I'm visiting based on its look and feel, rather than by looking at the URL bar.","DataExportTag":"Q13","QuestionType":"MC","Selector":"SAVR","SubSelector":"TX","DataVisibility":{"Private":false,"Hidden":false},"Configuration":{"QuestionDescriptionOption":"UseText","Autoscale":{"YScale":{"Name":"trueFalse","Type":"likert","Reverse":false}}},"QuestionDescription":"I know what website I'm visiting based on its look and feel, rather than by looking at the URL bar.","Choices":{"1":{"Display":"True"},"2":{"Display":"False"}},"ChoiceOrder":[1,2],"Validation":{"Settings":{"ForceResponse":"ON","ForceResponseType":"ON","Type":"None"}},"Language":[],"NextChoiceId":3,"NextAnswerId":1,"QuestionID":"QID13"}},{"SurveyID":"SV_5hcpolj28CktQeF","Element":"SQ","PrimaryAttribute":"QID6","SecondaryAttribute":"I log out of my computer, turn it off, put it to sleep, or lock the screen when I'm done using it.","TertiaryAttribute":null,"Payload":{"QuestionText":"I log out of my computer, turn it off, put it to sleep, or lock the screen when I'm done using it.","DataExportTag":"Q6","QuestionType":"MC","Selector":"SAVR","SubSelector":"TX","DataVisibility":{"Private":false,"Hidden":false},"Configuration":{"QuestionDescriptionOption":"UseText","Autoscale":{"YScale":{"Name":"trueFalse","Type":"likert","Reverse":false}}},"QuestionDescription":"I log out of my computer, turn it off, put it to sleep, or lock the screen when I'm done using it.","Choices":{"1":{"Display":"True"},"2":{"Display":"False"}},"ChoiceOrder":[1,2],"Validation":{"Settings":{"ForceResponse":"ON","ForceResponseType":"ON","Type":"None"}},"Language":[],"NextChoiceId":3,"NextAnswerId":1,"QuestionID":"QID6"}},{"SurveyID":"SV_5hcpolj28CktQeF","Element":"SQ","PrimaryAttribute":"QID4","SecondaryAttribute":"I manually lock my computer screen when I step away from it.","TertiaryAttribute":null,"Payload":{"QuestionText":"I manually lock my computer screen when I step away from it.","DataExportTag":"Q4","QuestionType":"MC","Selector":"SAVR","SubSelector":"TX","DataVisibility":{"Private":false,"Hidden":false},"Configuration":{"QuestionDescriptionOption":"UseText","Autoscale":{"YScale":{"Name":"trueFalse","Type":"likert","Reverse":false}}},"QuestionDescription":"I manually lock my computer screen when I step away from it.","Choices":{"1":{"Display":"True"},"2":{"Display":"False"}},"ChoiceOrder":[1,2],"Validation":{"Settings":{"ForceResponse":"ON","ForceResponseType":"ON","Type":"None"}},"Language":[],"NextChoiceId":3,"NextAnswerId":1,"QuestionID":"QID4"}},{"SurveyID":"SV_5hcpolj28CktQeF","Element":"SQ","PrimaryAttribute":"QID5","SecondaryAttribute":"I set my computer screen to automatically lock if I don't use it for a prolonged period of time.","TertiaryAttribute":null,"Payload":{"QuestionText":"I set my computer screen to automatically lock if I don't use it for a prolonged period of time.","DataExportTag":"Q5","QuestionType":"MC","Selector":"SAVR","SubSelector":"TX","DataVisibility":{"Private":false,"Hidden":false},"Configuration":{"QuestionDescriptionOption":"UseText","Autoscale":{"YScale":{"Name":"trueFalse","Type":"likert","Reverse":false}}},"QuestionDescription":"I set my computer screen to automatically lock if I don't use it for a prolonged period of time.","Choices":{"1":{"Display":"True"},"2":{"Display":"False"}},"ChoiceOrder":[1,2],"Validation":{"Settings":{"ForceResponse":"ON","ForceResponseType":"ON","Type":"None"}},"Language":[],"NextChoiceId":3,"NextAnswerId":1,"QuestionID":"QID5"}},{"SurveyID":"SV_5hcpolj28CktQeF","Element":"SQ","PrimaryAttribute":"QID22","SecondaryAttribute":"I submit information to websites without first verifying that it will be sent securely.","TertiaryAttribute":null,"Payload":{"QuestionText":"I submit information to websites without first verifying that it will be sent securely.","DataExportTag":"Q22","QuestionType":"MC","Selector":"SAVR","SubSelector":"TX","DataVisibility":{"Private":false,"Hidden":false},"Configuration":{"QuestionDescriptionOption":"UseText","Autoscale":{"YScale":{"Name":"trueFalse","Type":"likert","Reverse":false}}},"QuestionDescription":"I submit information to websites without first verifying that it will be sent securely.","Choices":{"1":{"Display":"True"},"2":{"Display":"False"}},"ChoiceOrder":[1,2],"Validation":{"Settings":{"ForceResponse":"ON","ForceResponseType":"ON","Type":"None"}},"Language":[],"NextChoiceId":3,"NextAnswerId":1,"QuestionID":"QID22"}},{"SurveyID":"SV_5hcpolj28CktQeF","Element":"SQ","PrimaryAttribute":"QID3","SecondaryAttribute":"I try to make sure that the programs I use are up-to-date.","TertiaryAttribute":null,"Payload":{"QuestionText":"I try to make sure that the programs I use are up-to-date.","DataExportTag":"Q3","QuestionType":"MC","Selector":"SAVR","SubSelector":"TX","DataVisibility":{"Private":false,"Hidden":false},"Configuration":{"QuestionDescriptionOption":"UseText","Autoscale":{"YScale":{"Name":"trueFalse","Type":"likert","Reverse":false}}},"QuestionDescription":"I try to make sure that the programs I use are up-to-date.","Choices":{"1":{"Display":"True"},"2":{"Display":"False"}},"ChoiceOrder":[1,2],"Validation":{"Settings":{"ForceResponse":"ON","ForceResponseType":"ON","Type":"None"}},"Language":[],"NextChoiceId":3,"NextAnswerId":1,"QuestionID":"QID3"}},{"SurveyID":"SV_5hcpolj28CktQeF","Element":"SQ","PrimaryAttribute":"QID8","SecondaryAttribute":"I use a password\/passcode to unlock my laptop or tablet.","TertiaryAttribute":null,"Payload":{"QuestionText":"I use a password\/passcode to unlock my laptop or tablet.","DataExportTag":"Q8","QuestionType":"MC","Selector":"SAVR","SubSelector":"TX","DataVisibility":{"Private":false,"Hidden":false},"Configuration":{"QuestionDescriptionOption":"UseText","Autoscale":{"YScale":{"Name":"trueFalse","Type":"likert","Reverse":false}}},"QuestionDescription":"I use a password\/passcode to unlock my laptop or tablet.","Choices":{"1":{"Display":"True"},"2":{"Display":"False"}},"ChoiceOrder":[1,2],"Validation":{"Settings":{"ForceResponse":"ON","ForceResponseType":"ON","Type":"None"}},"Language":[],"NextChoiceId":3,"NextAnswerId":1,"QuestionID":"QID8"}},{"SurveyID":"SV_5hcpolj28CktQeF","Element":"SQ","PrimaryAttribute":"QID7","SecondaryAttribute":"I use a PIN or passcode to unlock my mobile phone.","TertiaryAttribute":null,"Payload":{"QuestionText":"I use a PIN or passcode to unlock my mobile phone.","DataExportTag":"Q7","QuestionType":"MC","Selector":"SAVR","SubSelector":"TX","DataVisibility":{"Private":false,"Hidden":false},"Configuration":{"QuestionDescriptionOption":"UseText","Autoscale":{"YScale":{"Name":"trueFalse","Type":"likert","Reverse":false}}},"QuestionDescription":"I use a PIN or passcode to unlock my mobile phone.","Choices":{"1":{"Display":"True"},"2":{"Display":"False"}},"ChoiceOrder":[1,2],"Validation":{"Settings":{"ForceResponse":"ON","ForceResponseType":"ON","Type":"None"}},"Language":[],"NextChoiceId":3,"NextAnswerId":1,"QuestionID":"QID7"}},{"SurveyID":"SV_5hcpolj28CktQeF","Element":"SQ","PrimaryAttribute":"QID18","SecondaryAttribute":"I use different passwords for different accounts that I have.","TertiaryAttribute":null,"Payload":{"QuestionText":"I use different passwords for different accounts that I have.","DataExportTag":"Q18","QuestionType":"MC","Selector":"SAVR","SubSelector":"TX","DataVisibility":{"Private":false,"Hidden":false},"Configuration":{"QuestionDescriptionOption":"UseText","Autoscale":{"YScale":{"Name":"trueFalse","Type":"likert","Reverse":false}}},"QuestionDescription":"I use different passwords for different accounts that I have.","Choices":{"1":{"Display":"True"},"2":{"Display":"False"}},"ChoiceOrder":[1,2],"Validation":{"Settings":{"ForceResponse":"ON","ForceResponseType":"ON","Type":"None"}},"Language":[],"NextChoiceId":3,"NextAnswerId":1,"QuestionID":"QID18"}},{"SurveyID":"SV_5hcpolj28CktQeF","Element":"SQ","PrimaryAttribute":"QID23","SecondaryAttribute":"I use privacy software, \"private browsing,\" or \"incognito\" mode when I'm browsing online.","TertiaryAttribute":null,"Payload":{"QuestionText":"I use privacy software, \"private browsing,\" or \"incognito\" mode when I'm browsing online.","DataExportTag":"Q23","QuestionType":"MC","Selector":"SAVR","SubSelector":"TX","DataVisibility":{"Private":false,"Hidden":false},"Configuration":{"QuestionDescriptionOption":"UseText","Autoscale":{"YScale":{"Name":"trueFalse","Type":"likert","Reverse":false}}},"QuestionDescription":"I use privacy software, \"private browsing,\" or \"incognito\" mode when I'm browsing online.","Choices":{"1":{"Display":"True"},"2":{"Display":"False"}},"ChoiceOrder":[1,2],"Validation":{"Settings":{"ForceResponse":"ON","ForceResponseType":"ON","Type":"None"}},"Language":[],"NextChoiceId":3,"NextAnswerId":1,"QuestionID":"QID23"}},{"SurveyID":"SV_5hcpolj28CktQeF","Element":"SQ","PrimaryAttribute":"QID16","SecondaryAttribute":"I use some kind of encryption software to secure sensitive files or personal information.","TertiaryAttribute":null,"Payload":{"QuestionText":"I use some kind of encryption software to secure sensitive files or personal information.","DataExportTag":"Q16","QuestionType":"MC","Selector":"SAVR","SubSelector":"TX","DataVisibility":{"Private":false,"Hidden":false},"Configuration":{"QuestionDescriptionOption":"UseText","Autoscale":{"YScale":{"Name":"trueFalse","Type":"likert","Reverse":false}}},"QuestionDescription":"I use some kind of encryption software to secure sensitive files or personal information.","Choices":{"1":{"Display":"True"},"2":{"Display":"False"}},"ChoiceOrder":[1,2],"Validation":{"Settings":{"ForceResponse":"ON","ForceResponseType":"ON","Type":"None"}},"Language":[],"NextChoiceId":3,"NextAnswerId":1,"QuestionID":"QID16"}},{"SurveyID":"SV_5hcpolj28CktQeF","Element":"SQ","PrimaryAttribute":"QID11","SecondaryAttribute":"I verify that my anti-virus software has been regularly updating itself.","TertiaryAttribute":null,"Payload":{"QuestionText":"I verify that my anti-virus software has been regularly updating itself.","DataExportTag":"Q11","QuestionType":"MC","Selector":"SAVR","SubSelector":"TX","DataVisibility":{"Private":false,"Hidden":false},"Configuration":{"QuestionDescriptionOption":"UseText","Autoscale":{"YScale":{"Name":"trueFalse","Type":"likert","Reverse":false}}},"QuestionDescription":"I verify that my anti-virus software has been regularly updating itself.","Choices":{"1":{"Display":"True"},"2":{"Display":"False"}},"ChoiceOrder":[1,2],"Validation":{"Settings":{"ForceResponse":"ON","ForceResponseType":"ON","Type":"None"}},"Language":[],"NextChoiceId":3,"NextAnswerId":1,"QuestionID":"QID11"}},{"SurveyID":"SV_5hcpolj28CktQeF","Element":"SQ","PrimaryAttribute":"QID9","SecondaryAttribute":"If I discover a security problem, I continue what I was doing because I assume someone else will...","TertiaryAttribute":null,"Payload":{"QuestionText":"If I discover a security problem, I continue what I was doing because I assume someone else will fix it.","DataExportTag":"Q9","QuestionType":"MC","Selector":"SAVR","SubSelector":"TX","DataVisibility":{"Private":false,"Hidden":false},"Configuration":{"QuestionDescriptionOption":"UseText","Autoscale":{"YScale":{"Name":"trueFalse","Type":"likert","Reverse":false}}},"QuestionDescription":"If I discover a security problem, I continue what I was doing because I assume someone else will...","Choices":{"1":{"Display":"True"},"2":{"Display":"False"}},"ChoiceOrder":[1,2],"Validation":{"Settings":{"ForceResponse":"ON","ForceResponseType":"ON","Type":"None"}},"Language":[],"NextChoiceId":3,"NextAnswerId":1,"QuestionID":"QID9"}},{"SurveyID":"SV_5hcpolj28CktQeF","Element":"SQ","PrimaryAttribute":"QID44","SecondaryAttribute":"Imagine you are traveling and you need to find an internet connection to access your bank account...","TertiaryAttribute":null,"Payload":{"QuestionText":"Imagine you are traveling and you need to find an internet connection to access your bank account online. How likely are you to:","DefaultChoices":false,"DataExportTag":"Q44","QuestionType":"Matrix","Selector":"Likert","SubSelector":"SingleAnswer","Configuration":{"QuestionDescriptionOption":"UseText","TextPosition":"inline","ChoiceColumnWidthPixels":549,"RepeatHeaders":"none","WhiteSpace":"OFF","MobileFirst":true},"QuestionDescription":"Imagine you are traveling and you need to find an internet connection to access your bank account...","Choices":{"1":{"Display":"Use a public wireless internet connection?"},"2":{"Display":"Wait to ask available staff for the public wifi name and login instructions?"},"3":{"Display":"Wait until you reach a trusted non-public wireless internet connection?"},"4":{"Display":"Use your mobile phone as a wireless internet hotspot?"},"5":{"Display":"Connect to a wireless network without asking nearby staff?"},"6":{"Display":"Connect to someone else's mobile phone hotspot that seems to have forgotten to protect it with a password?"}},"ChoiceOrder":["1","2","3","4","5","6"],"Validation":{"Settings":{"ForceResponse":"ON","ForceResponseType":"ON","Type":"None"}},"GradingData":[],"Language":[],"NextChoiceId":7,"NextAnswerId":4,"Answers":{"1":{"Display":"Unlikely"},"2":{"Display":"Not Sure"},"3":{"Display":"Likely"}},"AnswerOrder":["1","2","3"],"ChoiceDataExportTags":false,"QuestionID":"QID44","DataVisibility":{"Private":false,"Hidden":false}}},{"SurveyID":"SV_5hcpolj28CktQeF","Element":"SQ","PrimaryAttribute":"QID37","SecondaryAttribute":"On which kinds of online accounts are you using or would you be willing to use Multi-Factor Authe...","TertiaryAttribute":null,"Payload":{"QuestionText":"On which kinds of online accounts are you using or would you be willing to use Multi-Factor Authentication (MFA)?","DataExportTag":"Q37","QuestionType":"MC","Selector":"MAVR","SubSelector":"TX","Configuration":{"QuestionDescriptionOption":"UseText"},"QuestionDescription":"On which kinds of online accounts are you using or would you be willing to use Multi-Factor Authe...","Choices":{"1":{"Display":"Social media"},"2":{"Display":"Banking"},"3":{"Display":"Online learning"},"4":{"Display":"Shopping"}},"ChoiceOrder":["1","2","3","4"],"Validation":{"Settings":{"ForceResponse":"ON","ForceResponseType":"ON","Type":"None"}},"Language":[],"NextChoiceId":5,"NextAnswerId":1,"QuestionID":"QID37","DataVisibility":{"Private":false,"Hidden":false},"DisplayLogic":{"0":{"0":{"LogicType":"Question","QuestionID":"QID36","QuestionIsInLoop":"no","ChoiceLocator":"q:\/\/QID36\/SelectableChoice\/13","Operator":"NotSelected","QuestionIDFromLocator":"QID36","LeftOperand":"q:\/\/QID36\/SelectableChoice\/13","Type":"Expression","Description":"<span class=\"ConjDesc\">If<\/span> <span class=\"QuestionDesc\">Please read the following text carefully.&amp;nbsp;\n\nMulti-Factor Authentication (MFA) involves using something you have or something you are (in addition to your username and password) to verify your ...<\/span> <span class=\"LeftOpDesc\">No<\/span> <span class=\"OpDesc\">Is Not Selected<\/span> "},"Type":"If"},"Type":"BooleanExpression","inPage":false}}},{"SurveyID":"SV_5hcpolj28CktQeF","Element":"SQ","PrimaryAttribute":"QID29","SecondaryAttribute":"PARTICIPANT INFORMED CONSENT FORM 1. Purpose of the study This is a research study about your inf...","TertiaryAttribute":null,"Payload":{"QuestionText":"<div><span style=\"font-weight: bolder;\">PARTICIPANT INFORMED CONSENT FORM<\/span><\/div><div><br><\/div><div><span style=\"font-weight: bolder;\">1. Purpose of the study<\/span><\/div><div><br><\/div><div>This is a research study about your information privacy preferences. It is for educational purposes only.<\/div><div><span style=\"font-weight: bolder;\"><br><\/span><\/div><div><span style=\"font-weight: bolder;\">2. Description of procedures to be followed and approximate time duration involved for the participants:<\/span><\/div><div><br><\/div><div>You will be asked to complete a short survey. It should take approximately 10 minutes and no more than 30 minutes.<\/div><div><span style=\"font-weight: bolder;\"><br><\/span><\/div><div><span style=\"font-weight: bolder;\">3. Expected costs:<\/span><\/div><div><br><\/div><div>There are no expected costs for participation.<\/div><div><span style=\"font-weight: bolder;\"><br><\/span><\/div><div><span style=\"font-weight: bolder;\">4. Description of the discomforts, inconveniences, and\/or risks that can be reasonably expected as a result of participation:<\/span><\/div><div><br><\/div><div>There are no foreseeable discomforts or inconveniences associated with participating in this study beyond normal daily tasks. There is a risk of loss of confidentiality, but the researchers will not know who you are beyond your prolific ID.<\/div><div><span style=\"font-weight: bolder;\"><br><\/span><\/div><div><span style=\"font-weight: bolder;\">5. Anticipated benefits from this study:<\/span><\/div><div><br><\/div><div>There are no direct benefits to you.<\/div><div><span style=\"font-weight: bolder;\"><br><\/span><\/div><div><span style=\"font-weight: bolder;\">6. Compensation for participation:<\/span><\/div><div><br><\/div><div>You will be paid as described in the platform from where you were recruited.<\/div><div><span style=\"font-weight: bolder;\"><br><\/span><\/div><div><span style=\"font-weight: bolder;\">7. Circumstances under which the Principal Investigator may withdraw you from study participation:<\/span><\/div><div><br><\/div><div>Your results may be withdrawn from this survey if your responses are inconsistent with standard attention tests administered in the survey.<\/div><div><br><\/div><div><span style=\"font-weight: bolder;\">8. What happens if you choose to withdraw from study participation:<\/span><\/div><div><span style=\"font-weight: bolder;\"><br><\/span><\/div><div>You may choose to withdraw from study at any point prior to the final submission of your survey by simply abandoning the survey and not submitting.&nbsp;<\/div><div><br><\/div><div><span style=\"font-weight: bolder;\">9. Contact Information:<\/span><\/div><div><span style=\"font-weight: bolder;\"><br><\/span><\/div><div>This research is being conducted by Nelson E. Jaimes (email: njaimes@gwmail.gwu.edu) under Dr. Adam Aviv in the Computer Science Department at The George Washington University. Dr. Aviv's email is aaviv@gwu.edu.<\/div><div>You may also contact the GWU Office of Human Research at 202\u2010994\u20102715 or ohrirb@gwu.edu if you have questions or comments regarding your rights as a participant in the research.<\/div><div><br><\/div><div><br><\/div><div><span style=\"font-weight: bolder;\">10. Confidentiality.<\/span><\/div><div><span style=\"font-weight: bolder;\"><br><\/span><\/div><div>All efforts will be made to keep the personal information in your research record private. We will store research records on password protected computers and use standard secure data transfer practices. We will also analyze data without identifiers.&nbsp;<\/div><div><br><\/div><div>However, complete confidentiality cannot be promised.<\/div><div><br><\/div>","DefaultChoices":false,"DataExportTag":"Q29","QuestionID":"QID29","QuestionType":"DB","Selector":"TB","Configuration":{"QuestionDescriptionOption":"UseText"},"QuestionDescription":"PARTICIPANT INFORMED CONSENT FORM 1. Purpose of the study This is a research study about your inf...","ChoiceOrder":[],"Validation":{"Settings":{"Type":"None"}},"GradingData":[],"Language":[],"NextChoiceId":7,"NextAnswerId":1,"DataVisibility":{"Private":false,"Hidden":false}}},{"SurveyID":"SV_5hcpolj28CktQeF","Element":"SQ","PrimaryAttribute":"QID47","SecondaryAttribute":"Please enter your Prolific ID if you were recruited using Prolific","TertiaryAttribute":null,"Payload":{"QuestionText":"Please enter your Prolific ID if you were recruited using Prolific","DefaultChoices":false,"DataExportTag":"Q47","QuestionType":"TE","Selector":"SL","Configuration":{"QuestionDescriptionOption":"UseText"},"QuestionDescription":"Please enter your Prolific ID if you were recruited using Prolific","Validation":{"Settings":{"ForceResponse":"OFF","ForceResponseType":"ON","Type":"None"}},"GradingData":[],"Language":[],"NextChoiceId":4,"NextAnswerId":1,"SearchSource":{"AllowFreeResponse":"false"},"QuestionID":"QID47"}},{"SurveyID":"SV_5hcpolj28CktQeF","Element":"SQ","PrimaryAttribute":"QID36","SecondaryAttribute":"Please read the following text carefully.\u00a0 Multi-Factor Authentication (MFA) involves using somet..","TertiaryAttribute":null,"Payload":{"QuestionText":"Please read the following text carefully.&nbsp;<br>\n<br>\nMulti-Factor Authentication (MFA) involves using something you have or something you are (in addition to your username and password) to verify your identity when&nbsp; you log in.<br>\n<br>\nCommon ways of using something you have:&nbsp;&nbsp;<div>- use a separate security token or app&nbsp;&nbsp;<\/div><div>- receive verification texts, calls, or emails&nbsp;<\/div><div>- use a smart card&nbsp;<br><br><\/div><div>Common ways of using something you are:&nbsp;<\/div><div>- use your fingerprint&nbsp;<\/div><div>- use facial recognition&nbsp;<\/div><div>- use voice recognition<\/div><div><br><\/div><div>Are you willing to use (or are you currently using) Multi-Factor Authentication (MFA)?<\/div>","DefaultChoices":false,"DataExportTag":"Q36","QuestionID":"QID36","QuestionType":"MC","Selector":"SAVR","SubSelector":"TX","DataVisibility":{"Private":false,"Hidden":false},"Configuration":{"QuestionDescriptionOption":"UseText"},"QuestionDescription":"Please read the following text carefully.\u00a0 Multi-Factor Authentication (MFA) involves using somet...","Choices":{"10":{"Display":"Yes"},"11":{"Display":"Maybe"},"13":{"Display":"No"}},"ChoiceOrder":["10","11","13"],"Validation":{"Settings":{"ForceResponse":"OFF","ForceResponseType":"ON","Type":"None"}},"GradingData":[],"Language":[],"NextChoiceId":14,"NextAnswerId":1}},{"SurveyID":"SV_5hcpolj28CktQeF","Element":"SQ","PrimaryAttribute":"QID25","SecondaryAttribute":"Please read the tip sheet available at https:\/\/www.cisa.gov\/sites\/default\/files\/publications\/NCSA...","TertiaryAttribute":null,"Payload":{"QuestionText":"Please read the tip sheet available at&nbsp;https:\/\/www.cisa.gov\/sites\/default\/files\/publications\/NCSAM_OnlinePrivacy_2020.pdf","DefaultChoices":false,"DataExportTag":"Q902","QuestionType":"DB","Selector":"PTB","Configuration":{"QuestionDescriptionOption":"UseText"},"QuestionDescription":"Please read the tip sheet available at https:\/\/www.cisa.gov\/sites\/default\/files\/publications\/NCSA...","ChoiceOrder":[],"Validation":{"Settings":{"Type":"None"}},"GradingData":[],"Language":[],"NextChoiceId":4,"NextAnswerId":1,"QuestionID":"QID25","DataVisibility":{"Private":false,"Hidden":false}}},{"SurveyID":"SV_5hcpolj28CktQeF","Element":"SQ","PrimaryAttribute":"QID41","SecondaryAttribute":"Please select how frequently you would download updates for apps in these categories:","TertiaryAttribute":null,"Payload":{"QuestionText":"Please select how frequently you would download updates for apps in these categories:","DefaultChoices":false,"DataExportTag":"Q41","QuestionType":"Matrix","Selector":"Likert","SubSelector":"SingleAnswer","Configuration":{"QuestionDescriptionOption":"UseText","TextPosition":"inline","ChoiceColumnWidth":25,"RepeatHeaders":"none","WhiteSpace":"OFF","MobileFirst":true},"QuestionDescription":"Please select how frequently you would download updates for apps in these categories:","Choices":{"1":{"Display":"banking app"},"2":{"Display":"social media app"},"3":{"Display":"video game app"},"4":{"Display":"app required for your education"},"5":{"Display":"app required to perform your job"},"6":{"Display":"anti-virus or anti-malware app"},"7":{"Display":"app for buying products"},"8":{"Display":"app for ordering food"},"9":{"Display":"ride-sharing (transportation) app"}},"ChoiceOrder":["1","2","3","4","5","6","7","8","9"],"Validation":{"Settings":{"ForceResponse":"ON","ForceResponseType":"ON","Type":"None"}},"GradingData":[],"Language":[],"NextChoiceId":10,"NextAnswerId":6,"Answers":{"1":{"Display":"Never update after installation"},"2":{"Display":"Update when it stops working"},"3":{"Display":"Update after several requests"},"4":{"Display":"Update after every request"},"5":{"Display":"Enable automatic updates"}},"AnswerOrder":["1","2","3","4","5"],"ChoiceDataExportTags":false,"QuestionID":"QID41","DataVisibility":{"Private":false,"Hidden":false}}},{"SurveyID":"SV_5hcpolj28CktQeF","Element":"SQ","PrimaryAttribute":"QID27","SecondaryAttribute":"Please write your Prolific ID in this text box if you have one.","TertiaryAttribute":null,"Payload":{"QuestionText":"Please write your Prolific ID in this text box if you have one.","DefaultChoices":false,"DataExportTag":"Q901","QuestionType":"TE","Selector":"SL","Configuration":{"QuestionDescriptionOption":"UseText"},"QuestionDescription":"Please write your Prolific ID in this text box if you have one.","Validation":{"Settings":{"ForceResponse":"OFF","ForceResponseType":"ON","Type":"None"}},"GradingData":[],"Language":[],"NextChoiceId":4,"NextAnswerId":1,"SearchSource":{"AllowFreeResponse":"false"},"QuestionID":"QID27","DataVisibility":{"Private":false,"Hidden":false}}},{"SurveyID":"SV_5hcpolj28CktQeF","Element":"SQ","PrimaryAttribute":"QID33","SecondaryAttribute":"Summarize each of the tips listed on the following website, with one sentence per tip.https:\/\/www...","TertiaryAttribute":null,"Payload":{"QuestionText":"Summarize each of the tips listed on the following <a href=\"https:\/\/www.cisa.gov\/sites\/default\/files\/publications\/NCSAM_OnlinePrivacy_2020.pdf\">website<\/a>, with one sentence per tip.<br \/>\n<span style=\"font-size:11px;\">https:\/\/www.cisa.gov\/sites\/default\/files\/publications\/NCSAM_OnlinePrivacy_2020.pdf<\/span>","DefaultChoices":false,"DataExportTag":"Q902","QuestionType":"TE","Selector":"ESTB","Configuration":{"QuestionDescriptionOption":"UseText","InputWidth":676,"InputHeight":363},"QuestionDescription":"Summarize each of the tips listed on the following website, with one sentence per tip.https:\/\/www...","Validation":{"Settings":{"ForceResponse":"ON","ForceResponseType":"ON","Type":"MinChar","MinChars":"170"}},"GradingData":[],"Language":[],"NextChoiceId":4,"NextAnswerId":1,"SearchSource":{"AllowFreeResponse":"false"},"QuestionID":"QID33","DataVisibility":{"Private":false,"Hidden":false}}},{"SurveyID":"SV_5hcpolj28CktQeF","Element":"SQ","PrimaryAttribute":"QID34","SecondaryAttribute":"Thank you for consenting. Please continue to fill out the survey. The completion code required fo...","TertiaryAttribute":null,"Payload":{"QuestionText":"Thank you for consenting. Please continue to fill out the survey. The completion code required for your compensation will be viewable after you complete the survey.","DefaultChoices":false,"DataExportTag":"Q701","QuestionType":"DB","Selector":"TB","Configuration":{"QuestionDescriptionOption":"UseText"},"QuestionDescription":"Thank you for consenting. Please continue to fill out the survey. The completion code required fo...","ChoiceOrder":[],"Validation":{"Settings":{"Type":"None"}},"GradingData":[],"Language":[],"NextChoiceId":4,"NextAnswerId":1,"QuestionID":"QID34"}},{"SurveyID":"SV_5hcpolj28CktQeF","Element":"SQ","PrimaryAttribute":"QID26","SecondaryAttribute":"The completion code is 129840384572935623976512987348273","TertiaryAttribute":null,"Payload":{"QuestionText":"The completion code is 129840384572935623976512987348273","DefaultChoices":false,"DataExportTag":"Q903","QuestionType":"DB","Selector":"TB","Configuration":{"QuestionDescriptionOption":"UseText"},"QuestionDescription":"The completion code is 129840384572935623976512987348273","ChoiceOrder":[],"Validation":{"Settings":{"Type":"None"}},"GradingData":[],"Language":[],"NextChoiceId":4,"NextAnswerId":1,"QuestionID":"QID26","DataVisibility":{"Private":false,"Hidden":false}}},{"SurveyID":"SV_5hcpolj28CktQeF","Element":"SQ","PrimaryAttribute":"QID46","SecondaryAttribute":"The completion code is\u00a040B993BC","TertiaryAttribute":null,"Payload":{"QuestionText":"<span style=\"color: rgb(51, 51, 51); background-color: rgb(242, 245, 248);\">The completion code is&nbsp;<\/span>40B993BC","DefaultChoices":false,"DataExportTag":"Q46","QuestionType":"DB","Selector":"TB","Configuration":{"QuestionDescriptionOption":"UseText"},"QuestionDescription":"The completion code is\u00a040B993BC","ChoiceOrder":[],"Validation":{"Settings":{"Type":"None"}},"GradingData":[],"Language":[],"NextChoiceId":4,"NextAnswerId":1,"QuestionID":"QID46","DataVisibility":{"Private":false,"Hidden":false}}},{"SurveyID":"SV_5hcpolj28CktQeF","Element":"SQ","PrimaryAttribute":"QID35","SecondaryAttribute":"Unfortunately, you cannot participate in this study. Thank you for your time.","TertiaryAttribute":null,"Payload":{"QuestionText":"Unfortunately, you cannot participate in this study. Thank you for your time.","DefaultChoices":false,"DataExportTag":"Q702","QuestionType":"DB","Selector":"TB","Configuration":{"QuestionDescriptionOption":"UseText"},"QuestionDescription":"Unfortunately, you cannot participate in this study. Thank you for your time.","ChoiceOrder":[],"Validation":{"Settings":{"Type":"None"}},"GradingData":[],"Language":[],"NextChoiceId":4,"NextAnswerId":1,"QuestionID":"QID35"}},{"SurveyID":"SV_5hcpolj28CktQeF","Element":"SQ","PrimaryAttribute":"QID43","SecondaryAttribute":"What is the red round rubber ball made out of?","TertiaryAttribute":null,"Payload":{"QuestionText":"What is the red round rubber ball made out of?","DataExportTag":"Q43","QuestionType":"MC","Selector":"SAVR","SubSelector":"TX","Configuration":{"QuestionDescriptionOption":"UseText"},"QuestionDescription":"What is the red round rubber ball made out of?","Choices":{"1":{"Display":"spherical"},"2":{"Display":"oval"},"3":{"Display":"red"},"4":{"Display":"rubber"}},"ChoiceOrder":["1","2","3","4"],"Validation":{"Settings":{"ForceResponse":"ON","ForceResponseType":"ON","Type":"None"}},"Language":[],"NextChoiceId":5,"NextAnswerId":1,"QuestionID":"QID43","DataVisibility":{"Private":false,"Hidden":false}}},{"SurveyID":"SV_5hcpolj28CktQeF","Element":"SQ","PrimaryAttribute":"QID12","SecondaryAttribute":"When browsing websites, I mouseover links to see where they go, before clicking them.","TertiaryAttribute":null,"Payload":{"QuestionText":"When browsing websites, I mouseover links to see where they go, before clicking them.","DataExportTag":"Q12","QuestionType":"MC","Selector":"SAVR","SubSelector":"TX","DataVisibility":{"Private":false,"Hidden":false},"Configuration":{"QuestionDescriptionOption":"UseText","Autoscale":{"YScale":{"Name":"trueFalse","Type":"likert","Reverse":false}}},"QuestionDescription":"When browsing websites, I mouseover links to see where they go, before clicking them.","Choices":{"1":{"Display":"True"},"2":{"Display":"False"}},"ChoiceOrder":[1,2],"Validation":{"Settings":{"ForceResponse":"ON","ForceResponseType":"ON","Type":"None"}},"Language":[],"NextChoiceId":3,"NextAnswerId":1,"QuestionID":"QID12"}},{"SurveyID":"SV_5hcpolj28CktQeF","Element":"SQ","PrimaryAttribute":"QID20","SecondaryAttribute":"When I create a new online account, I try to use a password that goes beyond the site's minimum r...","TertiaryAttribute":null,"Payload":{"QuestionText":"When I create a new online account, I try to use a password that goes beyond the site's minimum requirements.","DataExportTag":"Q20","QuestionType":"MC","Selector":"SAVR","SubSelector":"TX","DataVisibility":{"Private":false,"Hidden":false},"Configuration":{"QuestionDescriptionOption":"UseText","Autoscale":{"YScale":{"Name":"trueFalse","Type":"likert","Reverse":false}}},"QuestionDescription":"When I create a new online account, I try to use a password that goes beyond the site's minimum r...","Choices":{"1":{"Display":"True"},"2":{"Display":"False"}},"ChoiceOrder":[1,2],"Validation":{"Settings":{"ForceResponse":"ON","ForceResponseType":"ON","Type":"None"}},"Language":[],"NextChoiceId":3,"NextAnswerId":1,"QuestionID":"QID20"}},{"SurveyID":"SV_5hcpolj28CktQeF","Element":"SQ","PrimaryAttribute":"QID15","SecondaryAttribute":"When I hear about websites that have been hacked, I wait to change my passwords until I have been...","TertiaryAttribute":null,"Payload":{"QuestionText":"When I hear about websites that have been hacked, I wait to change my passwords until I have been personally notified.","DataExportTag":"Q15","QuestionType":"MC","Selector":"SAVR","SubSelector":"TX","DataVisibility":{"Private":false,"Hidden":false},"Configuration":{"QuestionDescriptionOption":"UseText","Autoscale":{"YScale":{"Name":"trueFalse","Type":"likert","Reverse":false}}},"QuestionDescription":"When I hear about websites that have been hacked, I wait to change my passwords until I have been...","Choices":{"1":{"Display":"True"},"2":{"Display":"False"}},"ChoiceOrder":[1,2],"Validation":{"Settings":{"ForceResponse":"ON","ForceResponseType":"ON","Type":"None"}},"Language":[],"NextChoiceId":3,"NextAnswerId":1,"QuestionID":"QID15"}},{"SurveyID":"SV_5hcpolj28CktQeF","Element":"SQ","PrimaryAttribute":"QID21","SecondaryAttribute":"When I'm done using a website that I'm logged into, I manually log out of it.","TertiaryAttribute":null,"Payload":{"QuestionText":"When I'm done using a website that I'm logged into, I manually log out of it.","DataExportTag":"Q21","QuestionType":"MC","Selector":"SAVR","SubSelector":"TX","DataVisibility":{"Private":false,"Hidden":false},"Configuration":{"QuestionDescriptionOption":"UseText","Autoscale":{"YScale":{"Name":"trueFalse","Type":"likert","Reverse":false}}},"QuestionDescription":"When I'm done using a website that I'm logged into, I manually log out of it.","Choices":{"1":{"Display":"True"},"2":{"Display":"False"}},"ChoiceOrder":[1,2],"Validation":{"Settings":{"ForceResponse":"ON","ForceResponseType":"ON","Type":"None"}},"Language":[],"NextChoiceId":3,"NextAnswerId":1,"QuestionID":"QID21"}},{"SurveyID":"SV_5hcpolj28CktQeF","Element":"SQ","PrimaryAttribute":"QID1","SecondaryAttribute":"When I'm prompted about a software update, I install it right away.","TertiaryAttribute":null,"Payload":{"QuestionText":"When I'm prompted about a software update, I install it right away.","DataExportTag":"Q1","QuestionType":"MC","Selector":"SAVR","SubSelector":"TX","Configuration":{"QuestionDescriptionOption":"UseText"},"QuestionDescription":"When I'm prompted about a software update, I install it right away.","Choices":{"1":{"Display":"True"},"2":{"Display":"False"}},"ChoiceOrder":[1,2],"Validation":{"Settings":{"ForceResponse":"ON","ForceResponseType":"ON","Type":"None"}},"Language":[],"NextChoiceId":3,"NextAnswerId":1,"QuestionID":"QID1"}},{"SurveyID":"SV_5hcpolj28CktQeF","Element":"SQ","PrimaryAttribute":"QID2","SecondaryAttribute":"When my computer wants me to reboot after applying an update or installing software, I put it off.","TertiaryAttribute":null,"Payload":{"QuestionText":"When my computer wants me to reboot after applying an update or installing software, I put it off.","DataExportTag":"Q2","QuestionType":"MC","Selector":"SAVR","SubSelector":"TX","Configuration":{"QuestionDescriptionOption":"UseText","Autoscale":{"YScale":{"Name":"trueFalse","Type":"likert","Reverse":false}}},"QuestionDescription":"When my computer wants me to reboot after applying an update or installing software, I put it off.","Choices":{"1":{"Display":"True"},"2":{"Display":"False"}},"ChoiceOrder":[1,2],"Validation":{"Settings":{"ForceResponse":"ON","ForceResponseType":"ON","Type":"None"}},"Language":[],"NextChoiceId":3,"NextAnswerId":1,"QuestionID":"QID2"}},{"SurveyID":"SV_5hcpolj28CktQeF","Element":"SQ","PrimaryAttribute":"QID10","SecondaryAttribute":"When someone sends me a link, I open it without first verifying where it goes. ","TertiaryAttribute":null,"Payload":{"QuestionText":"When someone sends me a link, I open it without first verifying where it goes.&nbsp;","DataExportTag":"Q10","QuestionType":"MC","Selector":"SAVR","SubSelector":"TX","DataVisibility":{"Private":false,"Hidden":false},"Configuration":{"QuestionDescriptionOption":"UseText","Autoscale":{"YScale":{"Name":"trueFalse","Type":"likert","Reverse":false}}},"QuestionDescription":"When someone sends me a link, I open it without first verifying where it goes. ","Choices":{"1":{"Display":"True"},"2":{"Display":"False"}},"ChoiceOrder":[1,2],"Validation":{"Settings":{"ForceResponse":"ON","ForceResponseType":"ON","Type":"None"}},"Language":[],"NextChoiceId":3,"NextAnswerId":1,"QuestionID":"QID10"}},{"SurveyID":"SV_5hcpolj28CktQeF","Element":"SQ","PrimaryAttribute":"QID42","SecondaryAttribute":"When you download an app, how often do you intend to verify the types of access permissions the a...","TertiaryAttribute":null,"Payload":{"QuestionText":"When you download an app, how often do you intend to verify the types of access permissions the app has are the minimum required?","DataExportTag":"Q42","QuestionType":"MC","Selector":"SAVR","SubSelector":"TX","Configuration":{"QuestionDescriptionOption":"UseText"},"QuestionDescription":"When you download an app, how often do you intend to verify the types of access permissions the a...","Choices":{"1":{"Display":"not applicable"},"2":{"Display":"Rarely"},"3":{"Display":"Sometimes"},"4":{"Display":"Often"},"5":{"Display":"Always"}},"ChoiceOrder":["1","2","3","4","5"],"Validation":{"Settings":{"ForceResponse":"ON","ForceResponseType":"ON","Type":"None"}},"AnalyzeChoices":{"1":"No"},"Language":[],"NextChoiceId":6,"NextAnswerId":1,"QuestionID":"QID42","DataVisibility":{"Private":false,"Hidden":false}}}]}